// !$*UTF8*$!
{
	archiveVersion = 1;
	classes = {
	};
	objectVersion = 51;
	objects = {

/* Begin PBXBuildFile section */
		469F83E2A031E807EEA17B98 /* Pods_YahooNewsRSSReader.framework in Frameworks */ = {isa = PBXBuildFile; fileRef = 208218721A26D2FB7D2CD445 /* Pods_YahooNewsRSSReader.framework */; };
		B37609DB24A2E86A00C525E2 /* AppDelegate.swift in Sources */ = {isa = PBXBuildFile; fileRef = B37609DA24A2E86A00C525E2 /* AppDelegate.swift */; };
		B37609DD24A2E86A00C525E2 /* SceneDelegate.swift in Sources */ = {isa = PBXBuildFile; fileRef = B37609DC24A2E86A00C525E2 /* SceneDelegate.swift */; };
		B37609E224A2E86A00C525E2 /* Main.storyboard in Resources */ = {isa = PBXBuildFile; fileRef = B37609E024A2E86A00C525E2 /* Main.storyboard */; };
		B37609E424A2E86D00C525E2 /* Assets.xcassets in Resources */ = {isa = PBXBuildFile; fileRef = B37609E324A2E86D00C525E2 /* Assets.xcassets */; };
		B37609E724A2E86D00C525E2 /* LaunchScreen.storyboard in Resources */ = {isa = PBXBuildFile; fileRef = B37609E524A2E86D00C525E2 /* LaunchScreen.storyboard */; };
		B37609F324A2EE8B00C525E2 /* ArticleList.swift in Sources */ = {isa = PBXBuildFile; fileRef = B37609F224A2EE8B00C525E2 /* ArticleList.swift */; };
		B37609F524A2F15B00C525E2 /* RssClient.swift in Sources */ = {isa = PBXBuildFile; fileRef = B37609F424A2F15B00C525E2 /* RssClient.swift */; };
		B37609F824A2F7E200C525E2 /* NewsViewController.swift in Sources */ = {isa = PBXBuildFile; fileRef = B37609F624A2F7E200C525E2 /* NewsViewController.swift */; };
		B37609FB24A2FA8200C525E2 /* NewsType.swift in Sources */ = {isa = PBXBuildFile; fileRef = B37609FA24A2FA8200C525E2 /* NewsType.swift */; };
		B37609FD24A3051E00C525E2 /* DetailWebViewController.swift in Sources */ = {isa = PBXBuildFile; fileRef = B37609FC24A3051E00C525E2 /* DetailWebViewController.swift */; };
		B37609FF24A3056B00C525E2 /* PageMenuViewController.swift in Sources */ = {isa = PBXBuildFile; fileRef = B37609FE24A3056B00C525E2 /* PageMenuViewController.swift */; };
		B3760A0224A3063100C525E2 /* ArticleCell.swift in Sources */ = {isa = PBXBuildFile; fileRef = B3760A0024A3063100C525E2 /* ArticleCell.swift */; };
		B3760A0324A3063100C525E2 /* ArticleCell.xib in Resources */ = {isa = PBXBuildFile; fileRef = B3760A0124A3063100C525E2 /* ArticleCell.xib */; };
		B3760A0624A3065E00C525E2 /* TopArticleCell.swift in Sources */ = {isa = PBXBuildFile; fileRef = B3760A0424A3065D00C525E2 /* TopArticleCell.swift */; };
		B3760A0724A3065E00C525E2 /* TopArticleCell.xib in Resources */ = {isa = PBXBuildFile; fileRef = B3760A0524A3065E00C525E2 /* TopArticleCell.xib */; };
/* End PBXBuildFile section */

/* Begin PBXFileReference section */
		208218721A26D2FB7D2CD445 /* Pods_YahooNewsRSSReader.framework */ = {isa = PBXFileReference; explicitFileType = wrapper.framework; includeInIndex = 0; path = Pods_YahooNewsRSSReader.framework; sourceTree = BUILT_PRODUCTS_DIR; };
		495FBBF92DD9A598F43C5F83 /* Pods-YahooNewsRSSReader.debug.xcconfig */ = {isa = PBXFileReference; includeInIndex = 1; lastKnownFileType = text.xcconfig; name = "Pods-YahooNewsRSSReader.debug.xcconfig"; path = "Target Support Files/Pods-YahooNewsRSSReader/Pods-YahooNewsRSSReader.debug.xcconfig"; sourceTree = "<group>"; };
		B37609D724A2E86A00C525E2 /* YahooNewsRSSReader.app */ = {isa = PBXFileReference; explicitFileType = wrapper.application; includeInIndex = 0; path = YahooNewsRSSReader.app; sourceTree = BUILT_PRODUCTS_DIR; };
		B37609DA24A2E86A00C525E2 /* AppDelegate.swift */ = {isa = PBXFileReference; lastKnownFileType = sourcecode.swift; path = AppDelegate.swift; sourceTree = "<group>"; };
		B37609DC24A2E86A00C525E2 /* SceneDelegate.swift */ = {isa = PBXFileReference; lastKnownFileType = sourcecode.swift; path = SceneDelegate.swift; sourceTree = "<group>"; };
		B37609E124A2E86A00C525E2 /* Base */ = {isa = PBXFileReference; lastKnownFileType = file.storyboard; name = Base; path = Base.lproj/Main.storyboard; sourceTree = "<group>"; };
		B37609E324A2E86D00C525E2 /* Assets.xcassets */ = {isa = PBXFileReference; lastKnownFileType = folder.assetcatalog; path = Assets.xcassets; sourceTree = "<group>"; };
		B37609E624A2E86D00C525E2 /* Base */ = {isa = PBXFileReference; lastKnownFileType = file.storyboard; name = Base; path = Base.lproj/LaunchScreen.storyboard; sourceTree = "<group>"; };
		B37609E824A2E86D00C525E2 /* Info.plist */ = {isa = PBXFileReference; lastKnownFileType = text.plist.xml; path = Info.plist; sourceTree = "<group>"; };
		B37609F224A2EE8B00C525E2 /* ArticleList.swift */ = {isa = PBXFileReference; lastKnownFileType = sourcecode.swift; path = ArticleList.swift; sourceTree = "<group>"; };
		B37609F424A2F15B00C525E2 /* RssClient.swift */ = {isa = PBXFileReference; lastKnownFileType = sourcecode.swift; path = RssClient.swift; sourceTree = "<group>"; };
		B37609F624A2F7E200C525E2 /* NewsViewController.swift */ = {isa = PBXFileReference; lastKnownFileType = sourcecode.swift; path = NewsViewController.swift; sourceTree = "<group>"; };
		B37609FA24A2FA8200C525E2 /* NewsType.swift */ = {isa = PBXFileReference; lastKnownFileType = sourcecode.swift; path = NewsType.swift; sourceTree = "<group>"; };
		B37609FC24A3051E00C525E2 /* DetailWebViewController.swift */ = {isa = PBXFileReference; lastKnownFileType = sourcecode.swift; path = DetailWebViewController.swift; sourceTree = "<group>"; };
		B37609FE24A3056B00C525E2 /* PageMenuViewController.swift */ = {isa = PBXFileReference; lastKnownFileType = sourcecode.swift; path = PageMenuViewController.swift; sourceTree = "<group>"; };
		B3760A0024A3063100C525E2 /* ArticleCell.swift */ = {isa = PBXFileReference; lastKnownFileType = sourcecode.swift; path = ArticleCell.swift; sourceTree = "<group>"; };
		B3760A0124A3063100C525E2 /* ArticleCell.xib */ = {isa = PBXFileReference; lastKnownFileType = file.xib; path = ArticleCell.xib; sourceTree = "<group>"; };
		B3760A0424A3065D00C525E2 /* TopArticleCell.swift */ = {isa = PBXFileReference; lastKnownFileType = sourcecode.swift; path = TopArticleCell.swift; sourceTree = "<group>"; };
		B3760A0524A3065E00C525E2 /* TopArticleCell.xib */ = {isa = PBXFileReference; lastKnownFileType = file.xib; path = TopArticleCell.xib; sourceTree = "<group>"; };
		EAEC9148E6880B2B26B08204 /* Pods-YahooNewsRSSReader.release.xcconfig */ = {isa = PBXFileReference; includeInIndex = 1; lastKnownFileType = text.xcconfig; name = "Pods-YahooNewsRSSReader.release.xcconfig"; path = "Target Support Files/Pods-YahooNewsRSSReader/Pods-YahooNewsRSSReader.release.xcconfig"; sourceTree = "<group>"; };
/* End PBXFileReference section */

/* Begin PBXFrameworksBuildPhase section */
		B37609D424A2E86A00C525E2 /* Frameworks */ = {
			isa = PBXFrameworksBuildPhase;
			buildActionMask = 2147483647;
			files = (
				469F83E2A031E807EEA17B98 /* Pods_YahooNewsRSSReader.framework in Frameworks */,
			);
			runOnlyForDeploymentPostprocessing = 0;
		};
/* End PBXFrameworksBuildPhase section */

/* Begin PBXGroup section */
		580F6A45C6896607711837B6 /* Frameworks */ = {
			isa = PBXGroup;
			children = (
				208218721A26D2FB7D2CD445 /* Pods_YahooNewsRSSReader.framework */,
			);
			name = Frameworks;
			sourceTree = "<group>";
		};
		5B1FA69C4A8CA2AA70012F86 /* Pods */ = {
			isa = PBXGroup;
			children = (
				495FBBF92DD9A598F43C5F83 /* Pods-YahooNewsRSSReader.debug.xcconfig */,
				EAEC9148E6880B2B26B08204 /* Pods-YahooNewsRSSReader.release.xcconfig */,
			);
			path = Pods;
			sourceTree = "<group>";
		};
		B37609CE24A2E86A00C525E2 = {
			isa = PBXGroup;
			children = (
				B37609D924A2E86A00C525E2 /* YahooNewsRSSReader */,
				B37609D824A2E86A00C525E2 /* Products */,
				5B1FA69C4A8CA2AA70012F86 /* Pods */,
				580F6A45C6896607711837B6 /* Frameworks */,
			);
			sourceTree = "<group>";
		};
		B37609D824A2E86A00C525E2 /* Products */ = {
			isa = PBXGroup;
			children = (
				B37609D724A2E86A00C525E2 /* YahooNewsRSSReader.app */,
			);
			name = Products;
			sourceTree = "<group>";
		};
		B37609D924A2E86A00C525E2 /* YahooNewsRSSReader */ = {
			isa = PBXGroup;
			children = (
				B37609F124A2ED4200C525E2 /* Base */,
				B37609F024A2ED3C00C525E2 /* View */,
				B37609EF24A2ED3500C525E2 /* Model */,
				B37609EE24A2ED2700C525E2 /* Controller */,
				B37609DA24A2E86A00C525E2 /* AppDelegate.swift */,
				B37609DC24A2E86A00C525E2 /* SceneDelegate.swift */,
				B37609E324A2E86D00C525E2 /* Assets.xcassets */,
				B37609E824A2E86D00C525E2 /* Info.plist */,
			);
			path = YahooNewsRSSReader;
			sourceTree = "<group>";
		};
		B37609EE24A2ED2700C525E2 /* Controller */ = {
			isa = PBXGroup;
			children = (
				B37609F624A2F7E200C525E2 /* NewsViewController.swift */,
				B37609FC24A3051E00C525E2 /* DetailWebViewController.swift */,
				B37609FE24A3056B00C525E2 /* PageMenuViewController.swift */,
			);
			path = Controller;
			sourceTree = "<group>";
		};
		B37609EF24A2ED3500C525E2 /* Model */ = {
			isa = PBXGroup;
			children = (
				B37609F224A2EE8B00C525E2 /* ArticleList.swift */,
				B37609F424A2F15B00C525E2 /* RssClient.swift */,
				B37609FA24A2FA8200C525E2 /* NewsType.swift */,
			);
			path = Model;
			sourceTree = "<group>";
		};
		B37609F024A2ED3C00C525E2 /* View */ = {
			isa = PBXGroup;
			children = (
				B3760A0024A3063100C525E2 /* ArticleCell.swift */,
				B3760A0124A3063100C525E2 /* ArticleCell.xib */,
				B3760A0424A3065D00C525E2 /* TopArticleCell.swift */,
				B3760A0524A3065E00C525E2 /* TopArticleCell.xib */,
			);
			path = View;
			sourceTree = "<group>";
		};
		B37609F124A2ED4200C525E2 /* Base */ = {
			isa = PBXGroup;
			children = (
				B37609E024A2E86A00C525E2 /* Main.storyboard */,
				B37609E524A2E86D00C525E2 /* LaunchScreen.storyboard */,
			);
			path = Base;
			sourceTree = "<group>";
		};
/* End PBXGroup section */

/* Begin PBXNativeTarget section */
		B37609D624A2E86A00C525E2 /* YahooNewsRSSReader */ = {
			isa = PBXNativeTarget;
			buildConfigurationList = B37609EB24A2E86D00C525E2 /* Build configuration list for PBXNativeTarget "YahooNewsRSSReader" */;
			buildPhases = (
				5321FE5C10D1A0C3932266ED /* [CP] Check Pods Manifest.lock */,
				B37609D324A2E86A00C525E2 /* Sources */,
				B37609D424A2E86A00C525E2 /* Frameworks */,
				B37609D524A2E86A00C525E2 /* Resources */,
				2E5E58D375956887C0C3EEFF /* [CP] Embed Pods Frameworks */,
			);
			buildRules = (
			);
			dependencies = (
			);
			name = YahooNewsRSSReader;
			productName = YahooNewsRSSReader;
			productReference = B37609D724A2E86A00C525E2 /* YahooNewsRSSReader.app */;
			productType = "com.apple.product-type.application";
		};
/* End PBXNativeTarget section */

/* Begin PBXProject section */
		B37609CF24A2E86A00C525E2 /* Project object */ = {
			isa = PBXProject;
			attributes = {
				LastSwiftUpdateCheck = 1150;
				LastUpgradeCheck = 1150;
				ORGANIZATIONNAME = "水谷純也";
				TargetAttributes = {
					B37609D624A2E86A00C525E2 = {
						CreatedOnToolsVersion = 11.5;
					};
				};
			};
			buildConfigurationList = B37609D224A2E86A00C525E2 /* Build configuration list for PBXProject "YahooNewsRSSReader" */;
			compatibilityVersion = "Xcode 9.3";
			developmentRegion = en;
			hasScannedForEncodings = 0;
			knownRegions = (
				en,
				Base,
			);
			mainGroup = B37609CE24A2E86A00C525E2;
			productRefGroup = B37609D824A2E86A00C525E2 /* Products */;
			projectDirPath = "";
			projectRoot = "";
			targets = (
				B37609D624A2E86A00C525E2 /* YahooNewsRSSReader */,
			);
		};
/* End PBXProject section */

/* Begin PBXResourcesBuildPhase section */
		B37609D524A2E86A00C525E2 /* Resources */ = {
			isa = PBXResourcesBuildPhase;
			buildActionMask = 2147483647;
			files = (
				B3760A0324A3063100C525E2 /* ArticleCell.xib in Resources */,
				B37609E724A2E86D00C525E2 /* LaunchScreen.storyboard in Resources */,
				B3760A0724A3065E00C525E2 /* TopArticleCell.xib in Resources */,
				B37609E424A2E86D00C525E2 /* Assets.xcassets in Resources */,
				B37609E224A2E86A00C525E2 /* Main.storyboard in Resources */,
			);
			runOnlyForDeploymentPostprocessing = 0;
		};
/* End PBXResourcesBuildPhase section */

/* Begin PBXShellScriptBuildPhase section */
		2E5E58D375956887C0C3EEFF /* [CP] Embed Pods Frameworks */ = {
			isa = PBXShellScriptBuildPhase;
			buildActionMask = 2147483647;
			files = (
			);
			inputFileListPaths = (
				"${PODS_ROOT}/Target Support Files/Pods-YahooNewsRSSReader/Pods-YahooNewsRSSReader-frameworks-${CONFIGURATION}-input-files.xcfilelist",
			);
			name = "[CP] Embed Pods Frameworks";
			outputFileListPaths = (
				"${PODS_ROOT}/Target Support Files/Pods-YahooNewsRSSReader/Pods-YahooNewsRSSReader-frameworks-${CONFIGURATION}-output-files.xcfilelist",
			);
			runOnlyForDeploymentPostprocessing = 0;
			shellPath = /bin/sh;
			shellScript = "\"${PODS_ROOT}/Target Support Files/Pods-YahooNewsRSSReader/Pods-YahooNewsRSSReader-frameworks.sh\"\n";
			showEnvVarsInLog = 0;
		};
		5321FE5C10D1A0C3932266ED /* [CP] Check Pods Manifest.lock */ = {
			isa = PBXShellScriptBuildPhase;
			buildActionMask = 2147483647;
			files = (
			);
			inputFileListPaths = (
			);
			inputPaths = (
				"${PODS_PODFILE_DIR_PATH}/Podfile.lock",
				"${PODS_ROOT}/Manifest.lock",
			);
			name = "[CP] Check Pods Manifest.lock";
			outputFileListPaths = (
			);
			outputPaths = (
				"$(DERIVED_FILE_DIR)/Pods-YahooNewsRSSReader-checkManifestLockResult.txt",
			);
			runOnlyForDeploymentPostprocessing = 0;
			shellPath = /bin/sh;
			shellScript = "diff \"${PODS_PODFILE_DIR_PATH}/Podfile.lock\" \"${PODS_ROOT}/Manifest.lock\" > /dev/null\nif [ $? != 0 ] ; then\n    # print error to STDERR\n    echo \"error: The sandbox is not in sync with the Podfile.lock. Run 'pod install' or update your CocoaPods installation.\" >&2\n    exit 1\nfi\n# This output is used by Xcode 'outputs' to avoid re-running this script phase.\necho \"SUCCESS\" > \"${SCRIPT_OUTPUT_FILE_0}\"\n";
			showEnvVarsInLog = 0;
		};
/* End PBXShellScriptBuildPhase section */

/* Begin PBXSourcesBuildPhase section */
		B37609D324A2E86A00C525E2 /* Sources */ = {
			isa = PBXSourcesBuildPhase;
			buildActionMask = 2147483647;
			files = (
				B37609FF24A3056B00C525E2 /* PageMenuViewController.swift in Sources */,
				B37609FD24A3051E00C525E2 /* DetailWebViewController.swift in Sources */,
				B37609F524A2F15B00C525E2 /* RssClient.swift in Sources */,
				B37609F324A2EE8B00C525E2 /* ArticleList.swift in Sources */,
				B3760A0624A3065E00C525E2 /* TopArticleCell.swift in Sources */,
				B37609DB24A2E86A00C525E2 /* AppDelegate.swift in Sources */,
				B3760A0224A3063100C525E2 /* ArticleCell.swift in Sources */,
				B37609F824A2F7E200C525E2 /* NewsViewController.swift in Sources */,
				B37609FB24A2FA8200C525E2 /* NewsType.swift in Sources */,
				B37609DD24A2E86A00C525E2 /* SceneDelegate.swift in Sources */,
			);
			runOnlyForDeploymentPostprocessing = 0;
		};
/* End PBXSourcesBuildPhase section */

/* Begin PBXVariantGroup section */
		B37609E024A2E86A00C525E2 /* Main.storyboard */ = {
			isa = PBXVariantGroup;
			children = (
				B37609E124A2E86A00C525E2 /* Base */,
			);
			name = Main.storyboard;
			sourceTree = "<group>";
		};
		B37609E524A2E86D00C525E2 /* LaunchScreen.storyboard */ = {
			isa = PBXVariantGroup;
			children = (
				B37609E624A2E86D00C525E2 /* Base */,
			);
			name = LaunchScreen.storyboard;
			sourceTree = "<group>";
		};
/* End PBXVariantGroup section */

/* Begin XCBuildConfiguration section */
		B37609E924A2E86D00C525E2 /* Debug */ = {
			isa = XCBuildConfiguration;
			buildSettings = {
				ALWAYS_SEARCH_USER_PATHS = NO;
				CLANG_ANALYZER_NONNULL = YES;
				CLANG_ANALYZER_NUMBER_OBJECT_CONVERSION = YES_AGGRESSIVE;
				CLANG_CXX_LANGUAGE_STANDARD = "gnu++14";
				CLANG_CXX_LIBRARY = "libc++";
				CLANG_ENABLE_MODULES = YES;
				CLANG_ENABLE_OBJC_ARC = YES;
				CLANG_ENABLE_OBJC_WEAK = YES;
				CLANG_WARN_BLOCK_CAPTURE_AUTORELEASING = YES;
				CLANG_WARN_BOOL_CONVERSION = YES;
				CLANG_WARN_COMMA = YES;
				CLANG_WARN_CONSTANT_CONVERSION = YES;
				CLANG_WARN_DEPRECATED_OBJC_IMPLEMENTATIONS = YES;
				CLANG_WARN_DIRECT_OBJC_ISA_USAGE = YES_ERROR;
				CLANG_WARN_DOCUMENTATION_COMMENTS = YES;
				CLANG_WARN_EMPTY_BODY = YES;
				CLANG_WARN_ENUM_CONVERSION = YES;
				CLANG_WARN_INFINITE_RECURSION = YES;
				CLANG_WARN_INT_CONVERSION = YES;
				CLANG_WARN_NON_LITERAL_NULL_CONVERSION = YES;
				CLANG_WARN_OBJC_IMPLICIT_RETAIN_SELF = YES;
				CLANG_WARN_OBJC_LITERAL_CONVERSION = YES;
				CLANG_WARN_OBJC_ROOT_CLASS = YES_ERROR;
				CLANG_WARN_RANGE_LOOP_ANALYSIS = YES;
				CLANG_WARN_STRICT_PROTOTYPES = YES;
				CLANG_WARN_SUSPICIOUS_MOVE = YES;
				CLANG_WARN_UNGUARDED_AVAILABILITY = YES_AGGRESSIVE;
				CLANG_WARN_UNREACHABLE_CODE = YES;
				CLANG_WARN__DUPLICATE_METHOD_MATCH = YES;
				COPY_PHASE_STRIP = NO;
				DEBUG_INFORMATION_FORMAT = dwarf;
				ENABLE_STRICT_OBJC_MSGSEND = YES;
				ENABLE_TESTABILITY = YES;
				GCC_C_LANGUAGE_STANDARD = gnu11;
				GCC_DYNAMIC_NO_PIC = NO;
				GCC_NO_COMMON_BLOCKS = YES;
				GCC_OPTIMIZATION_LEVEL = 0;
				GCC_PREPROCESSOR_DEFINITIONS = (
					"DEBUG=1",
					"$(inherited)",
				);
				GCC_WARN_64_TO_32_BIT_CONVERSION = YES;
				GCC_WARN_ABOUT_RETURN_TYPE = YES_ERROR;
				GCC_WARN_UNDECLARED_SELECTOR = YES;
				GCC_WARN_UNINITIALIZED_AUTOS = YES_AGGRESSIVE;
				GCC_WARN_UNUSED_FUNCTION = YES;
				GCC_WARN_UNUSED_VARIABLE = YES;
				IPHONEOS_DEPLOYMENT_TARGET = 13.5;
				MTL_ENABLE_DEBUG_INFO = INCLUDE_SOURCE;
				MTL_FAST_MATH = YES;
				ONLY_ACTIVE_ARCH = YES;
				SDKROOT = iphoneos;
				SWIFT_ACTIVE_COMPILATION_CONDITIONS = DEBUG;
				SWIFT_OPTIMIZATION_LEVEL = "-Onone";
			};
			name = Debug;
		};
		B37609EA24A2E86D00C525E2 /* Release */ = {
			isa = XCBuildConfiguration;
			buildSettings = {
				ALWAYS_SEARCH_USER_PATHS = NO;
				CLANG_ANALYZER_NONNULL = YES;
				CLANG_ANALYZER_NUMBER_OBJECT_CONVERSION = YES_AGGRESSIVE;
				CLANG_CXX_LANGUAGE_STANDARD = "gnu++14";
				CLANG_CXX_LIBRARY = "libc++";
				CLANG_ENABLE_MODULES = YES;
				CLANG_ENABLE_OBJC_ARC = YES;
				CLANG_ENABLE_OBJC_WEAK = YES;
				CLANG_WARN_BLOCK_CAPTURE_AUTORELEASING = YES;
				CLANG_WARN_BOOL_CONVERSION = YES;
				CLANG_WARN_COMMA = YES;
				CLANG_WARN_CONSTANT_CONVERSION = YES;
				CLANG_WARN_DEPRECATED_OBJC_IMPLEMENTATIONS = YES;
				CLANG_WARN_DIRECT_OBJC_ISA_USAGE = YES_ERROR;
				CLANG_WARN_DOCUMENTATION_COMMENTS = YES;
				CLANG_WARN_EMPTY_BODY = YES;
				CLANG_WARN_ENUM_CONVERSION = YES;
				CLANG_WARN_INFINITE_RECURSION = YES;
				CLANG_WARN_INT_CONVERSION = YES;
				CLANG_WARN_NON_LITERAL_NULL_CONVERSION = YES;
				CLANG_WARN_OBJC_IMPLICIT_RETAIN_SELF = YES;
				CLANG_WARN_OBJC_LITERAL_CONVERSION = YES;
				CLANG_WARN_OBJC_ROOT_CLASS = YES_ERROR;
				CLANG_WARN_RANGE_LOOP_ANALYSIS = YES;
				CLANG_WARN_STRICT_PROTOTYPES = YES;
				CLANG_WARN_SUSPICIOUS_MOVE = YES;
				CLANG_WARN_UNGUARDED_AVAILABILITY = YES_AGGRESSIVE;
				CLANG_WARN_UNREACHABLE_CODE = YES;
				CLANG_WARN__DUPLICATE_METHOD_MATCH = YES;
				COPY_PHASE_STRIP = NO;
				DEBUG_INFORMATION_FORMAT = "dwarf-with-dsym";
				ENABLE_NS_ASSERTIONS = NO;
				ENABLE_STRICT_OBJC_MSGSEND = YES;
				GCC_C_LANGUAGE_STANDARD = gnu11;
				GCC_NO_COMMON_BLOCKS = YES;
				GCC_WARN_64_TO_32_BIT_CONVERSION = YES;
				GCC_WARN_ABOUT_RETURN_TYPE = YES_ERROR;
				GCC_WARN_UNDECLARED_SELECTOR = YES;
				GCC_WARN_UNINITIALIZED_AUTOS = YES_AGGRESSIVE;
				GCC_WARN_UNUSED_FUNCTION = YES;
				GCC_WARN_UNUSED_VARIABLE = YES;
				IPHONEOS_DEPLOYMENT_TARGET = 13.5;
				MTL_ENABLE_DEBUG_INFO = NO;
				MTL_FAST_MATH = YES;
				SDKROOT = iphoneos;
				SWIFT_COMPILATION_MODE = wholemodule;
				SWIFT_OPTIMIZATION_LEVEL = "-O";
				VALIDATE_PRODUCT = YES;
			};
			name = Release;
		};
		B37609EC24A2E86D00C525E2 /* Debug */ = {
			isa = XCBuildConfiguration;
			baseConfigurationReference = 495FBBF92DD9A598F43C5F83 /* Pods-YahooNewsRSSReader.debug.xcconfig */;
			buildSettings = {
				ASSETCATALOG_COMPILER_APPICON_NAME = AppIcon;
				CODE_SIGN_STYLE = Automatic;
				DEVELOPMENT_TEAM = JWKL669CPQ;
				INFOPLIST_FILE = YahooNewsRSSReader/Info.plist;
				LD_RUNPATH_SEARCH_PATHS = (
					"$(inherited)",
					"@executable_path/Frameworks",
				);
				PRODUCT_BUNDLE_IDENTIFIER = mizutani.YahooNewsRSSReader;
				PRODUCT_NAME = "$(TARGET_NAME)";
				SWIFT_VERSION = 5.0;
				TARGETED_DEVICE_FAMILY = "1,2";
			};
			name = Debug;
		};
		B37609ED24A2E86D00C525E2 /* Release */ = {
			isa = XCBuildConfiguration;
			baseConfigurationReference = EAEC9148E6880B2B26B08204 /* Pods-YahooNewsRSSReader.release.xcconfig */;
			buildSettings = {
				ASSETCATALOG_COMPILER_APPICON_NAME = AppIcon;
				CODE_SIGN_STYLE = Automatic;
				DEVELOPMENT_TEAM = JWKL669CPQ;
				INFOPLIST_FILE = YahooNewsRSSReader/Info.plist;
				LD_RUNPATH_SEARCH_PATHS = (
					"$(inherited)",
					"@executable_path/Frameworks",
				);
				PRODUCT_BUNDLE_IDENTIFIER = mizutani.YahooNewsRSSReader;
				PRODUCT_NAME = "$(TARGET_NAME)";
				SWIFT_VERSION = 5.0;
				TARGETED_DEVICE_FAMILY = "1,2";
			};
			name = Release;
		};
/* End XCBuildConfiguration section */

/* Begin XCConfigurationList section */
		B37609D224A2E86A00C525E2 /* Build configuration list for PBXProject "YahooNewsRSSReader" */ = {
			isa = XCConfigurationList;
			buildConfigurations = (
				B37609E924A2E86D00C525E2 /* Debug */,
				B37609EA24A2E86D00C525E2 /* Release */,
			);
			defaultConfigurationIsVisible = 0;
			defaultConfigurationName = Release;
		};
		B37609EB24A2E86D00C525E2 /* Build configuration list for PBXNativeTarget "YahooNewsRSSReader" */ = {
			isa = XCConfigurationList;
			buildConfigurations = (
				B37609EC24A2E86D00C525E2 /* Debug */,
				B37609ED24A2E86D00C525E2 /* Release */,
			);
			defaultConfigurationIsVisible = 0;
			defaultConfigurationName = Release;
		};
/* End XCConfigurationList section */
	};
	rootObject = B37609CF24A2E86A00C525E2 /* Project object */;
}
